
Microsoft Visual Studio Solution File, Format Version 12.00
# Visual Studio Version 16
VisualStudioVersion = 16.0.29424.173
MinimumVisualStudioVersion = 10.0.40219.1
Project("{FAE04EC0-301F-11D3-BF4B-00C04F79EFBC}") = "Banco", "Banco\Banco.csproj", "{32B40F3A-E2D0-4564-B33D-A5E1F3034076}"
EndProject
Global
	GlobalSection(SolutionConfigurationPlatforms) = preSolution
		Debug|Any CPU = Debug|Any CPU
		Release|Any CPU = Release|Any CPU
	EndGlobalSection
	GlobalSection(ProjectConfigurationPlatforms) = postSolution
		{32B40F3A-E2D0-4564-B33D-A5E1F3034076}.Debug|Any CPU.ActiveCfg = Debug|Any CPU
		{32B40F3A-E2D0-4564-B33D-A5E1F3034076}.Debug|Any CPU.Build.0 = Debug|Any CPU
		{32B40F3A-E2D0-4564-B33D-A5E1F3034076}.Release|Any CPU.ActiveCfg = Release|Any CPU
		{32B40F3A-E2D0-4564-B33D-A5E1F3034076}.Release|Any CPU.Build.0 = Release|Any CPU
	EndGlobalSection
	GlobalSection(SolutionProperties) = preSolution
		HideSolutionNode = FALSE
	EndGlobalSection
	GlobalSection(ExtensibilityGlobals) = postSolution
		SolutionGuid = {2AC9774C-8D12-4333-BB7D-DEB56CB47D65}
	EndGlobalSection
EndGlobal
